
Microsoft Visual Studio Solution File, Format Version 12.00
# Visual Studio Version 17
VisualStudioVersion = 17.0.31903.59
MinimumVisualStudioVersion = 10.0.40219.1
Project("{2150E333-8FDC-42A3-9474-1A3956D46DE8}") = "Presentation", "Presentation", "{1CFB26DA-D484-47A4-93F6-A18FE0C9B8C1}"
EndProject
Project("{2150E333-8FDC-42A3-9474-1A3956D46DE8}") = "Libraries", "Libraries", "{9900870F-B50F-4357-8079-F8FD0AF1BCB5}"
EndProject
Project("{2150E333-8FDC-42A3-9474-1A3956D46DE8}") = "Tests", "Tests", "{97F1DD62-5FC8-4145-89B9-86725039BE3D}"
EndProject
Project("{9A19103F-16F7-4668-BE54-9A1E7A4F7556}") = "CRM.Sigma.Core", "Libraries\CRM.Sigma.Core\CRM.Sigma.Core.csproj", "{4CC7CF6B-A424-4F3B-B636-728CEE7CFA19}"
EndProject
Project("{9A19103F-16F7-4668-BE54-9A1E7A4F7556}") = "CRM.Sigma.Data", "Libraries\CRM.Sigma.Data\CRM.Sigma.Data.csproj", "{56EE5ACE-8891-4255-8D1A-DA636274F54E}"
EndProject
Project("{9A19103F-16F7-4668-BE54-9A1E7A4F7556}") = "CRM.Sigma.API", "Presentation\CRM.Sigma.API\CRM.Sigma.API.csproj", "{FE33494B-FE4F-41BD-AB8C-F2477102DF5A}"
EndProject
Project("{9A19103F-16F7-4668-BE54-9A1E7A4F7556}") = "CRM.Sigma.Tests", "Tests\CRM.Sigma.Tests\CRM.Sigma.Tests.csproj", "{5746E772-83AC-4CB3-9223-692F3C458702}"
EndProject
Project("{9A19103F-16F7-4668-BE54-9A1E7A4F7556}") = "CRM.Sigma.Business", "Libraries\CRM.Sigma.Business\CRM.Sigma.Business.csproj", "{26C09DC7-5598-47C4-BE81-831AA43D641B}"
EndProject
Global
	GlobalSection(SolutionConfigurationPlatforms) = preSolution
		Debug|Any CPU = Debug|Any CPU
		Debug|x64 = Debug|x64
		Debug|x86 = Debug|x86
		Release|Any CPU = Release|Any CPU
		Release|x64 = Release|x64
		Release|x86 = Release|x86
	EndGlobalSection
	GlobalSection(ProjectConfigurationPlatforms) = postSolution
		{4CC7CF6B-A424-4F3B-B636-728CEE7CFA19}.Debug|Any CPU.ActiveCfg = Debug|Any CPU
		{4CC7CF6B-A424-4F3B-B636-728CEE7CFA19}.Debug|Any CPU.Build.0 = Debug|Any CPU
		{4CC7CF6B-A424-4F3B-B636-728CEE7CFA19}.Debug|x64.ActiveCfg = Debug|Any CPU
		{4CC7CF6B-A424-4F3B-B636-728CEE7CFA19}.Debug|x64.Build.0 = Debug|Any CPU
		{4CC7CF6B-A424-4F3B-B636-728CEE7CFA19}.Debug|x86.ActiveCfg = Debug|Any CPU
		{4CC7CF6B-A424-4F3B-B636-728CEE7CFA19}.Debug|x86.Build.0 = Debug|Any CPU
		{4CC7CF6B-A424-4F3B-B636-728CEE7CFA19}.Release|Any CPU.ActiveCfg = Release|Any CPU
		{4CC7CF6B-A424-4F3B-B636-728CEE7CFA19}.Release|Any CPU.Build.0 = Release|Any CPU
		{4CC7CF6B-A424-4F3B-B636-728CEE7CFA19}.Release|x64.ActiveCfg = Release|Any CPU
		{4CC7CF6B-A424-4F3B-B636-728CEE7CFA19}.Release|x64.Build.0 = Release|Any CPU
		{4CC7CF6B-A424-4F3B-B636-728CEE7CFA19}.Release|x86.ActiveCfg = Release|Any CPU
		{4CC7CF6B-A424-4F3B-B636-728CEE7CFA19}.Release|x86.Build.0 = Release|Any CPU
		{56EE5ACE-8891-4255-8D1A-DA636274F54E}.Debug|Any CPU.ActiveCfg = Debug|Any CPU
		{56EE5ACE-8891-4255-8D1A-DA636274F54E}.Debug|Any CPU.Build.0 = Debug|Any CPU
		{56EE5ACE-8891-4255-8D1A-DA636274F54E}.Debug|x64.ActiveCfg = Debug|Any CPU
		{56EE5ACE-8891-4255-8D1A-DA636274F54E}.Debug|x64.Build.0 = Debug|Any CPU
		{56EE5ACE-8891-4255-8D1A-DA636274F54E}.Debug|x86.ActiveCfg = Debug|Any CPU
		{56EE5ACE-8891-4255-8D1A-DA636274F54E}.Debug|x86.Build.0 = Debug|Any CPU
		{56EE5ACE-8891-4255-8D1A-DA636274F54E}.Release|Any CPU.ActiveCfg = Release|Any CPU
		{56EE5ACE-8891-4255-8D1A-DA636274F54E}.Release|Any CPU.Build.0 = Release|Any CPU
		{56EE5ACE-8891-4255-8D1A-DA636274F54E}.Release|x64.ActiveCfg = Release|Any CPU
		{56EE5ACE-8891-4255-8D1A-DA636274F54E}.Release|x64.Build.0 = Release|Any CPU
		{56EE5ACE-8891-4255-8D1A-DA636274F54E}.Release|x86.ActiveCfg = Release|Any CPU
		{56EE5ACE-8891-4255-8D1A-DA636274F54E}.Release|x86.Build.0 = Release|Any CPU
		{FE33494B-FE4F-41BD-AB8C-F2477102DF5A}.Debug|Any CPU.ActiveCfg = Debug|Any CPU
		{FE33494B-FE4F-41BD-AB8C-F2477102DF5A}.Debug|Any CPU.Build.0 = Debug|Any CPU
		{FE33494B-FE4F-41BD-AB8C-F2477102DF5A}.Debug|x64.ActiveCfg = Debug|Any CPU
		{FE33494B-FE4F-41BD-AB8C-F2477102DF5A}.Debug|x64.Build.0 = Debug|Any CPU
		{FE33494B-FE4F-41BD-AB8C-F2477102DF5A}.Debug|x86.ActiveCfg = Debug|Any CPU
		{FE33494B-FE4F-41BD-AB8C-F2477102DF5A}.Debug|x86.Build.0 = Debug|Any CPU
		{FE33494B-FE4F-41BD-AB8C-F2477102DF5A}.Release|Any CPU.ActiveCfg = Release|Any CPU
		{FE33494B-FE4F-41BD-AB8C-F2477102DF5A}.Release|Any CPU.Build.0 = Release|Any CPU
		{FE33494B-FE4F-41BD-AB8C-F2477102DF5A}.Release|x64.ActiveCfg = Release|Any CPU
		{FE33494B-FE4F-41BD-AB8C-F2477102DF5A}.Release|x64.Build.0 = Release|Any CPU
		{FE33494B-FE4F-41BD-AB8C-F2477102DF5A}.Release|x86.ActiveCfg = Release|Any CPU
		{FE33494B-FE4F-41BD-AB8C-F2477102DF5A}.Release|x86.Build.0 = Release|Any CPU
		{5746E772-83AC-4CB3-9223-692F3C458702}.Debug|Any CPU.ActiveCfg = Debug|Any CPU
		{5746E772-83AC-4CB3-9223-692F3C458702}.Debug|Any CPU.Build.0 = Debug|Any CPU
		{5746E772-83AC-4CB3-9223-692F3C458702}.Debug|x64.ActiveCfg = Debug|Any CPU
		{5746E772-83AC-4CB3-9223-692F3C458702}.Debug|x64.Build.0 = Debug|Any CPU
		{5746E772-83AC-4CB3-9223-692F3C458702}.Debug|x86.ActiveCfg = Debug|Any CPU
		{5746E772-83AC-4CB3-9223-692F3C458702}.Debug|x86.Build.0 = Debug|Any CPU
		{5746E772-83AC-4CB3-9223-692F3C458702}.Release|Any CPU.ActiveCfg = Release|Any CPU
		{5746E772-83AC-4CB3-9223-692F3C458702}.Release|Any CPU.Build.0 = Release|Any CPU
		{5746E772-83AC-4CB3-9223-692F3C458702}.Release|x64.ActiveCfg = Release|Any CPU
		{5746E772-83AC-4CB3-9223-692F3C458702}.Release|x64.Build.0 = Release|Any CPU
		{5746E772-83AC-4CB3-9223-692F3C458702}.Release|x86.ActiveCfg = Release|Any CPU
		{5746E772-83AC-4CB3-9223-692F3C458702}.Release|x86.Build.0 = Release|Any CPU
		{26C09DC7-5598-47C4-BE81-831AA43D641B}.Debug|Any CPU.ActiveCfg = Debug|Any CPU
		{26C09DC7-5598-47C4-BE81-831AA43D641B}.Debug|Any CPU.Build.0 = Debug|Any CPU
		{26C09DC7-5598-47C4-BE81-831AA43D641B}.Debug|x64.ActiveCfg = Debug|Any CPU
		{26C09DC7-5598-47C4-BE81-831AA43D641B}.Debug|x64.Build.0 = Debug|Any CPU
		{26C09DC7-5598-47C4-BE81-831AA43D641B}.Debug|x86.ActiveCfg = Debug|Any CPU
		{26C09DC7-5598-47C4-BE81-831AA43D641B}.Debug|x86.Build.0 = Debug|Any CPU
		{26C09DC7-5598-47C4-BE81-831AA43D641B}.Release|Any CPU.ActiveCfg = Release|Any CPU
		{26C09DC7-5598-47C4-BE81-831AA43D641B}.Release|Any CPU.Build.0 = Release|Any CPU
		{26C09DC7-5598-47C4-BE81-831AA43D641B}.Release|x64.ActiveCfg = Release|Any CPU
		{26C09DC7-5598-47C4-BE81-831AA43D641B}.Release|x64.Build.0 = Release|Any CPU
		{26C09DC7-5598-47C4-BE81-831AA43D641B}.Release|x86.ActiveCfg = Release|Any CPU
		{26C09DC7-5598-47C4-BE81-831AA43D641B}.Release|x86.Build.0 = Release|Any CPU
	EndGlobalSection
	GlobalSection(SolutionProperties) = preSolution
		HideSolutionNode = FALSE
	EndGlobalSection
	GlobalSection(NestedProjects) = preSolution
		{4CC7CF6B-A424-4F3B-B636-728CEE7CFA19} = {9900870F-B50F-4357-8079-F8FD0AF1BCB5}
		{56EE5ACE-8891-4255-8D1A-DA636274F54E} = {9900870F-B50F-4357-8079-F8FD0AF1BCB5}
		{FE33494B-FE4F-41BD-AB8C-F2477102DF5A} = {1CFB26DA-D484-47A4-93F6-A18FE0C9B8C1}
		{5746E772-83AC-4CB3-9223-692F3C458702} = {97F1DD62-5FC8-4145-89B9-86725039BE3D}
		{26C09DC7-5598-47C4-BE81-831AA43D641B} = {9900870F-B50F-4357-8079-F8FD0AF1BCB5}
	EndGlobalSection
	GlobalSection(ExtensibilityGlobals) = postSolution
		SolutionGuid = {B1385F95-50EC-4C59-8E0F-6A954A72A963}
	EndGlobalSection
EndGlobal
